
Microsoft Visual Studio Solution File, Format Version 12.00
# Visual Studio Version 17
VisualStudioVersion = 17.13.35825.156 d17.13
MinimumVisualStudioVersion = 10.0.40219.1
Project("{FAE04EC0-301F-11D3-BF4B-00C04F79EFBC}") = "EasyService", "EasyService\EasyService.csproj", "{9422893B-A806-416F-BD38-70C4D0315F3C}"
EndProject
Global
	GlobalSection(SolutionConfigurationPlatforms) = preSolution
		Debug|Any CPU = Debug|Any CPU
		Release|Any CPU = Release|Any CPU
	EndGlobalSection
	GlobalSection(ProjectConfigurationPlatforms) = postSolution
		{9422893B-A806-416F-BD38-70C4D0315F3C}.Debug|Any CPU.ActiveCfg = Debug|Any CPU
		{9422893B-A806-416F-BD38-70C4D0315F3C}.Debug|Any CPU.Build.0 = Debug|Any CPU
		{9422893B-A806-416F-BD38-70C4D0315F3C}.Release|Any CPU.ActiveCfg = Release|Any CPU
		{9422893B-A806-416F-BD38-70C4D0315F3C}.Release|Any CPU.Build.0 = Release|Any CPU
	EndGlobalSection
	GlobalSection(SolutionProperties) = preSolution
		HideSolutionNode = FALSE
	EndGlobalSection
	GlobalSection(ExtensibilityGlobals) = postSolution
		SolutionGuid = {10639E9A-FB1C-4433-8538-952EDB8DAC33}
	EndGlobalSection
EndGlobal
